<<<<<<< HEAD
golang.org/x/net v0.2.0 h1:sZfSu1wtKLGlWI4ZZayP0ck9Y73K1ynO6gqzTdBVdPU=
golang.org/x/net v0.2.0/go.mod h1:KqCZLdyyvdV855qA2rE3GC2aiw5xGR5TEjj8smXukLY=
=======
golang.org/x/net v0.0.0-20220921203646-d300de134e69 h1:hUJpGDpnfwdJW8iNypFjmSY0sCBEL+spFTZ2eO+Sfps=
golang.org/x/net v0.0.0-20220921203646-d300de134e69/go.mod h1:YDH+HFinaLZZlnHAfSS6ZXJJ9M9t4Dl22yv3iI2vPwk=
>>>>>>> 6341efaa863c9155cd8e92d15c9bc5d61eb62067
